// !$*UTF8*$!
{
	archiveVersion = 1;
	classes = {
	};
	objectVersion = 56;
	objects = {

/* Begin PBXBuildFile section */
		2509305A2FD377B300F1EFCB /* SelectionMonitor.swift in Sources */ = {isa = PBXBuildFile; fileRef = 250930592FD377B300F1EFCB /* SelectionMonitor.swift */; };
		2509305C2FD377C300F1EFCB /* SelectionOverlayView.swift in Sources */ = {isa = PBXBuildFile; fileRef = 2509305B2FD377C300F1EFCB /* SelectionOverlayView.swift */; };
		2509305E2FD377D900F1EFCB /* SelectionOverlayController.swift in Sources */ = {isa = PBXBuildFile; fileRef = 2509305D2FD377D900F1EFCB /* SelectionOverlayController.swift */; };
		257671B92FCB8C4B00581CBD /* AIProvider.swift in Sources */ = {isa = PBXBuildFile; fileRef = 257671B82FCB8C4B00581CBD /* AIProvider.swift */; };
		257671BB2FCB8C4C00581CBD /* AIProviderService.swift in Sources */ = {isa = PBXBuildFile; fileRef = 257671BA2FCB8C4C00581CBD /* AIProviderService.swift */; };
		257671BD2FCB8C4D00581CBD /* OpenAICompatibleService.swift in Sources */ = {isa = PBXBuildFile; fileRef = 257671BC2FCB8C4D00581CBD /* OpenAICompatibleService.swift */; };
		257671BF2FCB8C4D00581CBD /* AnthropicAPIService.swift in Sources */ = {isa = PBXBuildFile; fileRef = 257671BE2FCB8C4D00581CBD /* AnthropicAPIService.swift */; };
		257671C12FCB8C4E00581CBD /* GeminiAPIService.swift in Sources */ = {isa = PBXBuildFile; fileRef = 257671C02FCB8C4E00581CBD /* GeminiAPIService.swift */; };
		25C21C4B2FD196080073F3FC /* StreamWatchdog.swift in Sources */ = {isa = PBXBuildFile; fileRef = 25C21C4A2FD196080073F3FC /* StreamWatchdog.swift */; };
		25C21C4D2FD196FD0073F3FC /* LaunchAtLoginService.swift in Sources */ = {isa = PBXBuildFile; fileRef = 25C21C4C2FD196FD0073F3FC /* LaunchAtLoginService.swift */; };
		25C21C4F2FD197A50073F3FC /* SettingsExporter.swift in Sources */ = {isa = PBXBuildFile; fileRef = 25C21C4E2FD197A50073F3FC /* SettingsExporter.swift */; };
		25C21C512FD1A3890073F3FC /* HelpTopic.swift in Sources */ = {isa = PBXBuildFile; fileRef = 25C21C502FD1A3890073F3FC /* HelpTopic.swift */; };
		25C21C532FD1A3E70073F3FC /* HelpView.swift in Sources */ = {isa = PBXBuildFile; fileRef = 25C21C522FD1A3E70073F3FC /* HelpView.swift */; };
		25C283492FD1D8DE00269A2E /* Sparkle in Frameworks */ = {isa = PBXBuildFile; productRef = 25C283482FD1D8DE00269A2E /* Sparkle */; };
		25C2834B2FD1DD5000269A2E /* UpdaterService.swift in Sources */ = {isa = PBXBuildFile; fileRef = 25C2834A2FD1DD5000269A2E /* UpdaterService.swift */; };
		25F68FC62FD0D5DB0062C375 /* HotkeyService.swift in Sources */ = {isa = PBXBuildFile; fileRef = 25F68FC52FD0D5DB0062C375 /* HotkeyService.swift */; };
		25F68FC82FD0D5EF0062C375 /* HotkeyRecorderField.swift in Sources */ = {isa = PBXBuildFile; fileRef = 25F68FC72FD0D5EF0062C375 /* HotkeyRecorderField.swift */; };
		25F68FCA2FD0D8B80062C375 /* Mode.swift in Sources */ = {isa = PBXBuildFile; fileRef = 25F68FC92FD0D8B80062C375 /* Mode.swift */; };
		25F68FCC2FD0D8BE0062C375 /* CustomModeStore.swift in Sources */ = {isa = PBXBuildFile; fileRef = 25F68FCB2FD0D8BE0062C375 /* CustomModeStore.swift */; };
		25F68FCE2FD0D91B0062C375 /* CustomModesView.swift in Sources */ = {isa = PBXBuildFile; fileRef = 25F68FCD2FD0D91B0062C375 /* CustomModesView.swift */; };
		25F68FD02FD0D9CB0062C375 /* HistoryStore.swift in Sources */ = {isa = PBXBuildFile; fileRef = 25F68FCF2FD0D9CB0062C375 /* HistoryStore.swift */; };
		25F68FD22FD0D9E20062C375 /* HistoryView.swift in Sources */ = {isa = PBXBuildFile; fileRef = 25F68FD12FD0D9E20062C375 /* HistoryView.swift */; };
		25F68FD42FD0DC680062C375 /* ModeHotkeysView.swift in Sources */ = {isa = PBXBuildFile; fileRef = 25F68FD32FD0DC680062C375 /* ModeHotkeysView.swift */; };
		25F68FD62FD0DD170062C375 /* WordDiff.swift in Sources */ = {isa = PBXBuildFile; fileRef = 25F68FD52FD0DD170062C375 /* WordDiff.swift */; };
		25F68FD82FD0DD5D0062C375 /* PersonalInstructions.swift in Sources */ = {isa = PBXBuildFile; fileRef = 25F68FD72FD0DD5D0062C375 /* PersonalInstructions.swift */; };
		25F68FDA2FD0DF760062C375 /* ModeOverridesStore.swift in Sources */ = {isa = PBXBuildFile; fileRef = 25F68FD92FD0DF760062C375 /* ModeOverridesStore.swift */; };
		25F68FDC2FD0DFCB0062C375 /* ModeRoutingView.swift in Sources */ = {isa = PBXBuildFile; fileRef = 25F68FDB2FD0DFCB0062C375 /* ModeRoutingView.swift */; };
		25F68FDE2FD0E0120062C375 /* GenerationSettings.swift in Sources */ = {isa = PBXBuildFile; fileRef = 25F68FDD2FD0E0120062C375 /* GenerationSettings.swift */; };
		25F68FE02FD0E1380062C375 /* TokenEstimator.swift in Sources */ = {isa = PBXBuildFile; fileRef = 25F68FDF2FD0E1380062C375 /* TokenEstimator.swift */; };
		25F68FE22FD0E1790062C375 /* OnboardingView.swift in Sources */ = {isa = PBXBuildFile; fileRef = 25F68FE12FD0E1790062C375 /* OnboardingView.swift */; };
		AA1111111111111111110001 /* ModoApp.swift in Sources */ = {isa = PBXBuildFile; fileRef = BB2222222222222222220001 /* ModoApp.swift */; };
		AA1111111111111111110002 /* AppDelegate.swift in Sources */ = {isa = PBXBuildFile; fileRef = BB2222222222222222220002 /* AppDelegate.swift */; };
		AA1111111111111111110003 /* ImprovementMode.swift in Sources */ = {isa = PBXBuildFile; fileRef = BB2222222222222222220003 /* ImprovementMode.swift */; };
		AA1111111111111111110004 /* KeychainService.swift in Sources */ = {isa = PBXBuildFile; fileRef = BB2222222222222222220004 /* KeychainService.swift */; };
		AA1111111111111111110005 /* AccessibilityService.swift in Sources */ = {isa = PBXBuildFile; fileRef = BB2222222222222222220005 /* AccessibilityService.swift */; };
		AA1111111111111111110007 /* WindowViewModel.swift in Sources */ = {isa = PBXBuildFile; fileRef = BB2222222222222222220007 /* WindowViewModel.swift */; };
		AA1111111111111111110008 /* ModeSelectionView.swift in Sources */ = {isa = PBXBuildFile; fileRef = BB2222222222222222220008 /* ModeSelectionView.swift */; };
		AA1111111111111111110009 /* ResultView.swift in Sources */ = {isa = PBXBuildFile; fileRef = BB2222222222222222220009 /* ResultView.swift */; };
		AA111111111111111111000A /* FloatingPanelContentView.swift in Sources */ = {isa = PBXBuildFile; fileRef = BB222222222222222222000A /* FloatingPanelContentView.swift */; };
		AA111111111111111111000B /* FloatingWindowController.swift in Sources */ = {isa = PBXBuildFile; fileRef = BB222222222222222222000B /* FloatingWindowController.swift */; };
		AA111111111111111111000C /* PreferencesView.swift in Sources */ = {isa = PBXBuildFile; fileRef = BB222222222222222222000C /* PreferencesView.swift */; };
		AA111111111111111111000D /* Assets.xcassets in Resources */ = {isa = PBXBuildFile; fileRef = BB222222222222222222000D /* Assets.xcassets */; };
/* End PBXBuildFile section */

/* Begin PBXFileReference section */
		250930592FD377B300F1EFCB /* SelectionMonitor.swift */ = {isa = PBXFileReference; lastKnownFileType = sourcecode.swift; path = SelectionMonitor.swift; sourceTree = "<group>"; };
		2509305B2FD377C300F1EFCB /* SelectionOverlayView.swift */ = {isa = PBXFileReference; lastKnownFileType = sourcecode.swift; path = SelectionOverlayView.swift; sourceTree = "<group>"; };
		2509305D2FD377D900F1EFCB /* SelectionOverlayController.swift */ = {isa = PBXFileReference; lastKnownFileType = sourcecode.swift; path = SelectionOverlayController.swift; sourceTree = "<group>"; };
		257671B82FCB8C4B00581CBD /* AIProvider.swift */ = {isa = PBXFileReference; lastKnownFileType = sourcecode.swift; path = AIProvider.swift; sourceTree = "<group>"; };
		257671BA2FCB8C4C00581CBD /* AIProviderService.swift */ = {isa = PBXFileReference; lastKnownFileType = sourcecode.swift; path = AIProviderService.swift; sourceTree = "<group>"; };
		257671BC2FCB8C4D00581CBD /* OpenAICompatibleService.swift */ = {isa = PBXFileReference; lastKnownFileType = sourcecode.swift; path = OpenAICompatibleService.swift; sourceTree = "<group>"; };
		257671BE2FCB8C4D00581CBD /* AnthropicAPIService.swift */ = {isa = PBXFileReference; lastKnownFileType = sourcecode.swift; path = AnthropicAPIService.swift; sourceTree = "<group>"; };
		257671C02FCB8C4E00581CBD /* GeminiAPIService.swift */ = {isa = PBXFileReference; lastKnownFileType = sourcecode.swift; path = GeminiAPIService.swift; sourceTree = "<group>"; };
		25C21C4A2FD196080073F3FC /* StreamWatchdog.swift */ = {isa = PBXFileReference; lastKnownFileType = sourcecode.swift; path = StreamWatchdog.swift; sourceTree = "<group>"; };
		25C21C4C2FD196FD0073F3FC /* LaunchAtLoginService.swift */ = {isa = PBXFileReference; lastKnownFileType = sourcecode.swift; path = LaunchAtLoginService.swift; sourceTree = "<group>"; };
		25C21C4E2FD197A50073F3FC /* SettingsExporter.swift */ = {isa = PBXFileReference; lastKnownFileType = sourcecode.swift; path = SettingsExporter.swift; sourceTree = "<group>"; };
		25C21C502FD1A3890073F3FC /* HelpTopic.swift */ = {isa = PBXFileReference; lastKnownFileType = sourcecode.swift; path = HelpTopic.swift; sourceTree = "<group>"; };
		25C21C522FD1A3E70073F3FC /* HelpView.swift */ = {isa = PBXFileReference; lastKnownFileType = sourcecode.swift; path = HelpView.swift; sourceTree = "<group>"; };
		25C2834A2FD1DD5000269A2E /* UpdaterService.swift */ = {isa = PBXFileReference; lastKnownFileType = sourcecode.swift; path = UpdaterService.swift; sourceTree = "<group>"; };
		25F68FC52FD0D5DB0062C375 /* HotkeyService.swift */ = {isa = PBXFileReference; lastKnownFileType = sourcecode.swift; path = HotkeyService.swift; sourceTree = "<group>"; };
		25F68FC72FD0D5EF0062C375 /* HotkeyRecorderField.swift */ = {isa = PBXFileReference; lastKnownFileType = sourcecode.swift; path = HotkeyRecorderField.swift; sourceTree = "<group>"; };
		25F68FC92FD0D8B80062C375 /* Mode.swift */ = {isa = PBXFileReference; lastKnownFileType = sourcecode.swift; path = Mode.swift; sourceTree = "<group>"; };
		25F68FCB2FD0D8BE0062C375 /* CustomModeStore.swift */ = {isa = PBXFileReference; lastKnownFileType = sourcecode.swift; path = CustomModeStore.swift; sourceTree = "<group>"; };
		25F68FCD2FD0D91B0062C375 /* CustomModesView.swift */ = {isa = PBXFileReference; lastKnownFileType = sourcecode.swift; path = CustomModesView.swift; sourceTree = "<group>"; };
		25F68FCF2FD0D9CB0062C375 /* HistoryStore.swift */ = {isa = PBXFileReference; lastKnownFileType = sourcecode.swift; path = HistoryStore.swift; sourceTree = "<group>"; };
		25F68FD12FD0D9E20062C375 /* HistoryView.swift */ = {isa = PBXFileReference; lastKnownFileType = sourcecode.swift; path = HistoryView.swift; sourceTree = "<group>"; };
		25F68FD32FD0DC680062C375 /* ModeHotkeysView.swift */ = {isa = PBXFileReference; lastKnownFileType = sourcecode.swift; path = ModeHotkeysView.swift; sourceTree = "<group>"; };
		25F68FD52FD0DD170062C375 /* WordDiff.swift */ = {isa = PBXFileReference; lastKnownFileType = sourcecode.swift; path = WordDiff.swift; sourceTree = "<group>"; };
		25F68FD72FD0DD5D0062C375 /* PersonalInstructions.swift */ = {isa = PBXFileReference; lastKnownFileType = sourcecode.swift; path = PersonalInstructions.swift; sourceTree = "<group>"; };
		25F68FD92FD0DF760062C375 /* ModeOverridesStore.swift */ = {isa = PBXFileReference; lastKnownFileType = sourcecode.swift; path = ModeOverridesStore.swift; sourceTree = "<group>"; };
		25F68FDB2FD0DFCB0062C375 /* ModeRoutingView.swift */ = {isa = PBXFileReference; lastKnownFileType = sourcecode.swift; path = ModeRoutingView.swift; sourceTree = "<group>"; };
		25F68FDD2FD0E0120062C375 /* GenerationSettings.swift */ = {isa = PBXFileReference; lastKnownFileType = sourcecode.swift; path = GenerationSettings.swift; sourceTree = "<group>"; };
		25F68FDF2FD0E1380062C375 /* TokenEstimator.swift */ = {isa = PBXFileReference; lastKnownFileType = sourcecode.swift; path = TokenEstimator.swift; sourceTree = "<group>"; };
		25F68FE12FD0E1790062C375 /* OnboardingView.swift */ = {isa = PBXFileReference; lastKnownFileType = sourcecode.swift; path = OnboardingView.swift; sourceTree = "<group>"; };
		BB2222222222222222220001 /* ModoApp.swift */ = {isa = PBXFileReference; lastKnownFileType = sourcecode.swift; path = ModoApp.swift; sourceTree = "<group>"; };
		BB2222222222222222220002 /* AppDelegate.swift */ = {isa = PBXFileReference; lastKnownFileType = sourcecode.swift; path = AppDelegate.swift; sourceTree = "<group>"; };
		BB2222222222222222220003 /* ImprovementMode.swift */ = {isa = PBXFileReference; lastKnownFileType = sourcecode.swift; path = ImprovementMode.swift; sourceTree = "<group>"; };
		BB2222222222222222220004 /* KeychainService.swift */ = {isa = PBXFileReference; lastKnownFileType = sourcecode.swift; path = KeychainService.swift; sourceTree = "<group>"; };
		BB2222222222222222220005 /* AccessibilityService.swift */ = {isa = PBXFileReference; lastKnownFileType = sourcecode.swift; path = AccessibilityService.swift; sourceTree = "<group>"; };
		BB2222222222222222220007 /* WindowViewModel.swift */ = {isa = PBXFileReference; lastKnownFileType = sourcecode.swift; path = WindowViewModel.swift; sourceTree = "<group>"; };
		BB2222222222222222220008 /* ModeSelectionView.swift */ = {isa = PBXFileReference; lastKnownFileType = sourcecode.swift; path = ModeSelectionView.swift; sourceTree = "<group>"; };
		BB2222222222222222220009 /* ResultView.swift */ = {isa = PBXFileReference; lastKnownFileType = sourcecode.swift; path = ResultView.swift; sourceTree = "<group>"; };
		BB222222222222222222000A /* FloatingPanelContentView.swift */ = {isa = PBXFileReference; lastKnownFileType = sourcecode.swift; path = FloatingPanelContentView.swift; sourceTree = "<group>"; };
		BB222222222222222222000B /* FloatingWindowController.swift */ = {isa = PBXFileReference; lastKnownFileType = sourcecode.swift; path = FloatingWindowController.swift; sourceTree = "<group>"; };
		BB222222222222222222000C /* PreferencesView.swift */ = {isa = PBXFileReference; lastKnownFileType = sourcecode.swift; path = PreferencesView.swift; sourceTree = "<group>"; };
		BB222222222222222222000D /* Assets.xcassets */ = {isa = PBXFileReference; lastKnownFileType = folder.assetcatalog; path = Assets.xcassets; sourceTree = "<group>"; };
		BB222222222222222222000E /* Info.plist */ = {isa = PBXFileReference; lastKnownFileType = text.plist.xml; path = Info.plist; sourceTree = "<group>"; };
		BB222222222222222222000F /* Modo.entitlements */ = {isa = PBXFileReference; lastKnownFileType = text.plist.entitlements; path = Modo.entitlements; sourceTree = "<group>"; };
		BB2222222222222222220010 /* Modo.app */ = {isa = PBXFileReference; explicitFileType = wrapper.application; includeInIndex = 0; path = Modo.app; sourceTree = BUILT_PRODUCTS_DIR; };
/* End PBXFileReference section */

/* Begin PBXFrameworksBuildPhase section */
		DD4444444444444444440002 /* Frameworks */ = {
			isa = PBXFrameworksBuildPhase;
			buildActionMask = 2147483647;
			files = (
				25C283492FD1D8DE00269A2E /* Sparkle in Frameworks */,
			);
			runOnlyForDeploymentPostprocessing = 0;
		};
/* End PBXFrameworksBuildPhase section */

/* Begin PBXGroup section */
		CC3333333333333333330001 = {
			isa = PBXGroup;
			children = (
				CC3333333333333333330002 /* Modo */,
				CC3333333333333333330007 /* Products */,
			);
			sourceTree = "<group>";
		};
		CC3333333333333333330002 /* Modo */ = {
			isa = PBXGroup;
			children = (
				BB2222222222222222220001 /* ModoApp.swift */,
				BB2222222222222222220002 /* AppDelegate.swift */,
				CC3333333333333333330003 /* Models */,
				CC3333333333333333330004 /* Services */,
				CC3333333333333333330005 /* Views */,
				CC3333333333333333330006 /* Utilities */,
				BB222222222222222222000D /* Assets.xcassets */,
				BB222222222222222222000E /* Info.plist */,
				BB222222222222222222000F /* Modo.entitlements */,
			);
			path = Modo;
			sourceTree = "<group>";
		};
		CC3333333333333333330003 /* Models */ = {
			isa = PBXGroup;
			children = (
				BB2222222222222222220003 /* ImprovementMode.swift */,
				257671B82FCB8C4B00581CBD /* AIProvider.swift */,
				25F68FC92FD0D8B80062C375 /* Mode.swift */,
				25C21C502FD1A3890073F3FC /* HelpTopic.swift */,
			);
			path = Models;
			sourceTree = "<group>";
		};
		CC3333333333333333330004 /* Services */ = {
			isa = PBXGroup;
			children = (
				BB2222222222222222220005 /* AccessibilityService.swift */,
				257671BA2FCB8C4C00581CBD /* AIProviderService.swift */,
				257671BC2FCB8C4D00581CBD /* OpenAICompatibleService.swift */,
				257671BE2FCB8C4D00581CBD /* AnthropicAPIService.swift */,
				257671C02FCB8C4E00581CBD /* GeminiAPIService.swift */,
				25F68FC52FD0D5DB0062C375 /* HotkeyService.swift */,
				25F68FCB2FD0D8BE0062C375 /* CustomModeStore.swift */,
				25F68FCF2FD0D9CB0062C375 /* HistoryStore.swift */,
				25F68FD72FD0DD5D0062C375 /* PersonalInstructions.swift */,
				25F68FD92FD0DF760062C375 /* ModeOverridesStore.swift */,
				25F68FDD2FD0E0120062C375 /* GenerationSettings.swift */,
				25C21C4A2FD196080073F3FC /* StreamWatchdog.swift */,
				25C21C4C2FD196FD0073F3FC /* LaunchAtLoginService.swift */,
				25C21C4E2FD197A50073F3FC /* SettingsExporter.swift */,
				25C2834A2FD1DD5000269A2E /* UpdaterService.swift */,
				250930592FD377B300F1EFCB /* SelectionMonitor.swift */,
			);
			path = Services;
			sourceTree = "<group>";
		};
		CC3333333333333333330005 /* Views */ = {
			isa = PBXGroup;
			children = (
				BB2222222222222222220007 /* WindowViewModel.swift */,
				BB2222222222222222220008 /* ModeSelectionView.swift */,
				BB2222222222222222220009 /* ResultView.swift */,
				BB222222222222222222000A /* FloatingPanelContentView.swift */,
				BB222222222222222222000B /* FloatingWindowController.swift */,
				BB222222222222222222000C /* PreferencesView.swift */,
				25F68FC72FD0D5EF0062C375 /* HotkeyRecorderField.swift */,
				25F68FCD2FD0D91B0062C375 /* CustomModesView.swift */,
				25F68FD12FD0D9E20062C375 /* HistoryView.swift */,
				25F68FD32FD0DC680062C375 /* ModeHotkeysView.swift */,
				25F68FDB2FD0DFCB0062C375 /* ModeRoutingView.swift */,
				25F68FE12FD0E1790062C375 /* OnboardingView.swift */,
				25C21C522FD1A3E70073F3FC /* HelpView.swift */,
				2509305B2FD377C300F1EFCB /* SelectionOverlayView.swift */,
				2509305D2FD377D900F1EFCB /* SelectionOverlayController.swift */,
			);
			path = Views;
			sourceTree = "<group>";
		};
		CC3333333333333333330006 /* Utilities */ = {
			isa = PBXGroup;
			children = (
				BB2222222222222222220004 /* KeychainService.swift */,
				25F68FD52FD0DD170062C375 /* WordDiff.swift */,
				25F68FDF2FD0E1380062C375 /* TokenEstimator.swift */,
			);
			path = Utilities;
			sourceTree = "<group>";
		};
		CC3333333333333333330007 /* Products */ = {
			isa = PBXGroup;
			children = (
				BB2222222222222222220010 /* Modo.app */,
			);
			name = Products;
			sourceTree = "<group>";
		};
/* End PBXGroup section */

/* Begin PBXNativeTarget section */
		EE5555555555555555550001 /* Modo */ = {
			isa = PBXNativeTarget;
			buildConfigurationList = FF6666666666666666660002 /* Build configuration list for PBXNativeTarget "Modo" */;
			buildPhases = (
				DD4444444444444444440001 /* Sources */,
				DD4444444444444444440002 /* Frameworks */,
				DD4444444444444444440003 /* Resources */,
			);
			buildRules = (
			);
			dependencies = (
			);
			name = Modo;
			productName = WriteBetter;
			productReference = BB2222222222222222220010 /* Modo.app */;
			productType = "com.apple.product-type.application";
		};
/* End PBXNativeTarget section */

/* Begin PBXProject section */
		EE5555555555555555550002 /* Project object */ = {
			isa = PBXProject;
			attributes = {
				BuildIndependentTargetsInParallel = 1;
				LastSwiftUpdateCheck = 1500;
				LastUpgradeCheck = 1500;
				TargetAttributes = {
					EE5555555555555555550001 = {
						CreatedOnToolsVersion = 15.0;
					};
				};
			};
			buildConfigurationList = FF6666666666666666660001 /* Build configuration list for PBXProject "Modo" */;
			compatibilityVersion = "Xcode 14.0";
			developmentRegion = en;
			hasScannedForEncodings = 0;
			knownRegions = (
				en,
				Base,
			);
			mainGroup = CC3333333333333333330001;
			packageReferences = (
				25C283472FD1D8DE00269A2E /* XCRemoteSwiftPackageReference "Sparkle" */,
			);
			productRefGroup = CC3333333333333333330007 /* Products */;
			projectDirPath = "";
			projectRoot = "";
			targets = (
				EE5555555555555555550001 /* Modo */,
			);
		};
/* End PBXProject section */

/* Begin PBXResourcesBuildPhase section */
		DD4444444444444444440003 /* Resources */ = {
			isa = PBXResourcesBuildPhase;
			buildActionMask = 2147483647;
			files = (
				AA111111111111111111000D /* Assets.xcassets in Resources */,
			);
			runOnlyForDeploymentPostprocessing = 0;
		};
/* End PBXResourcesBuildPhase section */

/* Begin PBXSourcesBuildPhase section */
		DD4444444444444444440001 /* Sources */ = {
			isa = PBXSourcesBuildPhase;
			buildActionMask = 2147483647;
			files = (
				257671C12FCB8C4E00581CBD /* GeminiAPIService.swift in Sources */,
				25F68FDE2FD0E0120062C375 /* GenerationSettings.swift in Sources */,
				25F68FDA2FD0DF760062C375 /* ModeOverridesStore.swift in Sources */,
				AA1111111111111111110001 /* ModoApp.swift in Sources */,
				AA1111111111111111110002 /* AppDelegate.swift in Sources */,
				AA1111111111111111110003 /* ImprovementMode.swift in Sources */,
				25F68FD82FD0DD5D0062C375 /* PersonalInstructions.swift in Sources */,
				25F68FC62FD0D5DB0062C375 /* HotkeyService.swift in Sources */,
				AA1111111111111111110004 /* KeychainService.swift in Sources */,
				25F68FD22FD0D9E20062C375 /* HistoryView.swift in Sources */,
				25C2834B2FD1DD5000269A2E /* UpdaterService.swift in Sources */,
				AA1111111111111111110005 /* AccessibilityService.swift in Sources */,
				AA1111111111111111110007 /* WindowViewModel.swift in Sources */,
				25C21C4B2FD196080073F3FC /* StreamWatchdog.swift in Sources */,
				25C21C532FD1A3E70073F3FC /* HelpView.swift in Sources */,
				257671BF2FCB8C4D00581CBD /* AnthropicAPIService.swift in Sources */,
				25F68FCC2FD0D8BE0062C375 /* CustomModeStore.swift in Sources */,
				25C21C4D2FD196FD0073F3FC /* LaunchAtLoginService.swift in Sources */,
				AA1111111111111111110008 /* ModeSelectionView.swift in Sources */,
				2509305A2FD377B300F1EFCB /* SelectionMonitor.swift in Sources */,
				257671B92FCB8C4B00581CBD /* AIProvider.swift in Sources */,
				25F68FCE2FD0D91B0062C375 /* CustomModesView.swift in Sources */,
				25F68FDC2FD0DFCB0062C375 /* ModeRoutingView.swift in Sources */,
				25F68FD62FD0DD170062C375 /* WordDiff.swift in Sources */,
				AA1111111111111111110009 /* ResultView.swift in Sources */,
				25F68FE22FD0E1790062C375 /* OnboardingView.swift in Sources */,
				25C21C4F2FD197A50073F3FC /* SettingsExporter.swift in Sources */,
				25F68FD42FD0DC680062C375 /* ModeHotkeysView.swift in Sources */,
				25F68FD02FD0D9CB0062C375 /* HistoryStore.swift in Sources */,
				25F68FE02FD0E1380062C375 /* TokenEstimator.swift in Sources */,
				AA111111111111111111000A /* FloatingPanelContentView.swift in Sources */,
				257671BD2FCB8C4D00581CBD /* OpenAICompatibleService.swift in Sources */,
				25F68FCA2FD0D8B80062C375 /* Mode.swift in Sources */,
				2509305C2FD377C300F1EFCB /* SelectionOverlayView.swift in Sources */,
				AA111111111111111111000B /* FloatingWindowController.swift in Sources */,
				257671BB2FCB8C4C00581CBD /* AIProviderService.swift in Sources */,
				25F68FC82FD0D5EF0062C375 /* HotkeyRecorderField.swift in Sources */,
				AA111111111111111111000C /* PreferencesView.swift in Sources */,
				2509305E2FD377D900F1EFCB /* SelectionOverlayController.swift in Sources */,
				25C21C512FD1A3890073F3FC /* HelpTopic.swift in Sources */,
			);
			runOnlyForDeploymentPostprocessing = 0;
		};
/* End PBXSourcesBuildPhase section */

/* Begin XCBuildConfiguration section */
		FF6666666666666666660003 /* Debug */ = {
			isa = XCBuildConfiguration;
			buildSettings = {
				ALWAYS_SEARCH_USER_PATHS = NO;
				ASSETCATALOG_COMPILER_GENERATE_SWIFT_ASSET_SYMBOL_EXTENSIONS = YES;
				CLANG_ANALYZER_NONNULL = YES;
				CLANG_ANALYZER_NUMBER_OBJECT_CONVERSION = YES_AGGRESSIVE;
				CLANG_CXX_LANGUAGE_STANDARD = "gnu++20";
				CLANG_ENABLE_MODULES = YES;
				CLANG_ENABLE_OBJC_ARC = YES;
				CLANG_ENABLE_OBJC_WEAK = YES;
				CLANG_WARN_BLOCK_CAPTURE_AUTORELEASING = YES;
				CLANG_WARN_BOOL_CONVERSION = YES;
				CLANG_WARN_COMMA = YES;
				CLANG_WARN_CONSTANT_CONVERSION = YES;
				CLANG_WARN_DEPRECATED_OBJC_IMPLEMENTATIONS = YES;
				CLANG_WARN_DIRECT_OBJC_ISA_USAGE = YES_ERROR;
				CLANG_WARN_DOCUMENTATION_COMMENTS = YES;
				CLANG_WARN_EMPTY_BODY = YES;
				CLANG_WARN_ENUM_CONVERSION = YES;
				CLANG_WARN_INFINITE_RECURSION = YES;
				CLANG_WARN_INT_CONVERSION = YES;
				CLANG_WARN_NON_LITERAL_NULL_CONVERSION = YES;
				CLANG_WARN_OBJC_IMPLICIT_RETAIN_SELF = YES;
				CLANG_WARN_OBJC_LITERAL_CONVERSION = YES;
				CLANG_WARN_OBJC_ROOT_CLASS = YES_ERROR;
				CLANG_WARN_QUOTED_INCLUDE_IN_FRAMEWORK_HEADER = YES;
				CLANG_WARN_RANGE_LOOP_ANALYSIS = YES;
				CLANG_WARN_STRICT_PROTOTYPES = YES;
				CLANG_WARN_SUSPICIOUS_MOVE = YES;
				CLANG_WARN_UNGUARDED_AVAILABILITY = YES_AGGRESSIVE;
				CLANG_WARN_UNREACHABLE_CODE = YES;
				CLANG_WARN__DUPLICATE_METHOD_MATCH = YES;
				COPY_PHASE_STRIP = NO;
				DEBUG_INFORMATION_FORMAT = dwarf;
				ENABLE_STRICT_OBJC_MSGSEND = YES;
				ENABLE_TESTABILITY = YES;
				ENABLE_USER_SCRIPT_SANDBOXING = YES;
				GCC_C_LANGUAGE_STANDARD = gnu17;
				GCC_DYNAMIC_NO_PIC = NO;
				GCC_NO_COMMON_BLOCKS = YES;
				GCC_OPTIMIZATION_LEVEL = 0;
				GCC_PREPROCESSOR_DEFINITIONS = (
					"DEBUG=1",
					"$(inherited)",
				);
				GCC_WARN_64_TO_32_BIT_CONVERSION = YES;
				GCC_WARN_ABOUT_RETURN_TYPE = YES_ERROR;
				GCC_WARN_UNDECLARED_SELECTOR = YES;
				GCC_WARN_UNINITIALIZED_AUTOS = YES_AGGRESSIVE;
				GCC_WARN_UNUSED_FUNCTION = YES;
				GCC_WARN_UNUSED_VARIABLE = YES;
				LOCALIZATION_PREFERS_STRING_CATALOGS = YES;
				MACOSX_DEPLOYMENT_TARGET = 14.0;
				MTL_ENABLE_DEBUG_INFO = INCLUDE_SOURCE;
				MTL_FAST_MATH = YES;
				ONLY_ACTIVE_ARCH = YES;
				SDKROOT = macosx;
				SWIFT_ACTIVE_COMPILATION_CONDITIONS = "DEBUG $(inherited)";
				SWIFT_OPTIMIZATION_LEVEL = "-Onone";
			};
			name = Debug;
		};
		FF6666666666666666660004 /* Release */ = {
			isa = XCBuildConfiguration;
			buildSettings = {
				ALWAYS_SEARCH_USER_PATHS = NO;
				ASSETCATALOG_COMPILER_GENERATE_SWIFT_ASSET_SYMBOL_EXTENSIONS = YES;
				CLANG_ANALYZER_NONNULL = YES;
				CLANG_ANALYZER_NUMBER_OBJECT_CONVERSION = YES_AGGRESSIVE;
				CLANG_CXX_LANGUAGE_STANDARD = "gnu++20";
				CLANG_ENABLE_MODULES = YES;
				CLANG_ENABLE_OBJC_ARC = YES;
				CLANG_ENABLE_OBJC_WEAK = YES;
				CLANG_WARN_BLOCK_CAPTURE_AUTORELEASING = YES;
				CLANG_WARN_BOOL_CONVERSION = YES;
				CLANG_WARN_COMMA = YES;
				CLANG_WARN_CONSTANT_CONVERSION = YES;
				CLANG_WARN_DEPRECATED_OBJC_IMPLEMENTATIONS = YES;
				CLANG_WARN_DIRECT_OBJC_ISA_USAGE = YES_ERROR;
				CLANG_WARN_DOCUMENTATION_COMMENTS = YES;
				CLANG_WARN_EMPTY_BODY = YES;
				CLANG_WARN_ENUM_CONVERSION = YES;
				CLANG_WARN_INFINITE_RECURSION = YES;
				CLANG_WARN_INT_CONVERSION = YES;
				CLANG_WARN_NON_LITERAL_NULL_CONVERSION = YES;
				CLANG_WARN_OBJC_IMPLICIT_RETAIN_SELF = YES;
				CLANG_WARN_OBJC_LITERAL_CONVERSION = YES;
				CLANG_WARN_OBJC_ROOT_CLASS = YES_ERROR;
				CLANG_WARN_QUOTED_INCLUDE_IN_FRAMEWORK_HEADER = YES;
				CLANG_WARN_RANGE_LOOP_ANALYSIS = YES;
				CLANG_WARN_STRICT_PROTOTYPES = YES;
				CLANG_WARN_SUSPICIOUS_MOVE = YES;
				CLANG_WARN_UNGUARDED_AVAILABILITY = YES_AGGRESSIVE;
				CLANG_WARN_UNREACHABLE_CODE = YES;
				CLANG_WARN__DUPLICATE_METHOD_MATCH = YES;
				COPY_PHASE_STRIP = NO;
				DEBUG_INFORMATION_FORMAT = "dwarf-with-dsym";
				ENABLE_NS_ASSERTIONS = NO;
				ENABLE_STRICT_OBJC_MSGSEND = YES;
				ENABLE_USER_SCRIPT_SANDBOXING = YES;
				GCC_C_LANGUAGE_STANDARD = gnu17;
				GCC_NO_COMMON_BLOCKS = YES;
				GCC_WARN_64_TO_32_BIT_CONVERSION = YES;
				GCC_WARN_ABOUT_RETURN_TYPE = YES_ERROR;
				GCC_WARN_UNDECLARED_SELECTOR = YES;
				GCC_WARN_UNINITIALIZED_AUTOS = YES_AGGRESSIVE;
				GCC_WARN_UNUSED_FUNCTION = YES;
				GCC_WARN_UNUSED_VARIABLE = YES;
				LOCALIZATION_PREFERS_STRING_CATALOGS = YES;
				MACOSX_DEPLOYMENT_TARGET = 14.0;
				MTL_ENABLE_DEBUG_INFO = NO;
				MTL_FAST_MATH = YES;
				SDKROOT = macosx;
				SWIFT_COMPILATION_MODE = wholemodule;
			};
			name = Release;
		};
		FF6666666666666666660005 /* Debug */ = {
			isa = XCBuildConfiguration;
			buildSettings = {
				ASSETCATALOG_COMPILER_APPICON_NAME = AppIcon;
				ASSETCATALOG_COMPILER_GLOBAL_ACCENT_COLOR_NAME = AccentColor;
				CODE_SIGN_ENTITLEMENTS = Modo/Modo.entitlements;
				CODE_SIGN_STYLE = Automatic;
				COMBINE_HIDPI_IMAGES = YES;
				CURRENT_PROJECT_VERSION = 1;
				DEVELOPMENT_TEAM = 828QNBLBHS;
				ENABLE_HARDENED_RUNTIME = YES;
				GENERATE_INFOPLIST_FILE = NO;
				INFOPLIST_FILE = Modo/Info.plist;
				INFOPLIST_KEY_CFBundleDisplayName = Modo;
				INFOPLIST_KEY_LSApplicationCategoryType = "public.app-category.utilities";
				INFOPLIST_KEY_NSHumanReadableCopyright = "";
				LD_RUNPATH_SEARCH_PATHS = (
					"$(inherited)",
					"@executable_path/../Frameworks",
				);
				MACOSX_DEPLOYMENT_TARGET = 15.6;
				MARKETING_VERSION = 1.0;
				PRODUCT_BUNDLE_IDENTIFIER = com.modo.Modo;
				PRODUCT_NAME = "$(TARGET_NAME)";
				SWIFT_EMIT_LOC_STRINGS = YES;
				SWIFT_VERSION = 5.0;
			};
			name = Debug;
		};
		FF6666666666666666660006 /* Release */ = {
			isa = XCBuildConfiguration;
			buildSettings = {
				ASSETCATALOG_COMPILER_APPICON_NAME = AppIcon;
				ASSETCATALOG_COMPILER_GLOBAL_ACCENT_COLOR_NAME = AccentColor;
				CODE_SIGN_ENTITLEMENTS = Modo/Modo.entitlements;
				CODE_SIGN_STYLE = Automatic;
				COMBINE_HIDPI_IMAGES = YES;
				CURRENT_PROJECT_VERSION = 1;
				DEVELOPMENT_TEAM = 828QNBLBHS;
				ENABLE_HARDENED_RUNTIME = YES;
				GENERATE_INFOPLIST_FILE = NO;
				INFOPLIST_FILE = Modo/Info.plist;
				INFOPLIST_KEY_CFBundleDisplayName = Modo;
				INFOPLIST_KEY_LSApplicationCategoryType = "public.app-category.utilities";
				INFOPLIST_KEY_NSHumanReadableCopyright = "";
				LD_RUNPATH_SEARCH_PATHS = (
					"$(inherited)",
					"@executable_path/../Frameworks",
				);
				MACOSX_DEPLOYMENT_TARGET = 15.6;
				MARKETING_VERSION = 1.0;
				PRODUCT_BUNDLE_IDENTIFIER = com.modo.Modo;
				PRODUCT_NAME = "$(TARGET_NAME)";
				SWIFT_EMIT_LOC_STRINGS = YES;
				SWIFT_VERSION = 5.0;
			};
			name = Release;
		};
/* End XCBuildConfiguration section */

/* Begin XCConfigurationList section */
		FF6666666666666666660001 /* Build configuration list for PBXProject "Modo" */ = {
			isa = XCConfigurationList;
			buildConfigurations = (
				FF6666666666666666660003 /* Debug */,
				FF6666666666666666660004 /* Release */,
			);
			defaultConfigurationIsVisible = 0;
			defaultConfigurationName = Release;
		};
		FF6666666666666666660002 /* Build configuration list for PBXNativeTarget "Modo" */ = {
			isa = XCConfigurationList;
			buildConfigurations = (
				FF6666666666666666660005 /* Debug */,
				FF6666666666666666660006 /* Release */,
			);
			defaultConfigurationIsVisible = 0;
			defaultConfigurationName = Release;
		};
/* End XCConfigurationList section */

/* Begin XCRemoteSwiftPackageReference section */
		25C283472FD1D8DE00269A2E /* XCRemoteSwiftPackageReference "Sparkle" */ = {
			isa = XCRemoteSwiftPackageReference;
			repositoryURL = "https://github.com/sparkle-project/Sparkle";
			requirement = {
				kind = upToNextMajorVersion;
				minimumVersion = 2.9.2;
			};
		};
/* End XCRemoteSwiftPackageReference section */

/* Begin XCSwiftPackageProductDependency section */
		25C283482FD1D8DE00269A2E /* Sparkle */ = {
			isa = XCSwiftPackageProductDependency;
			package = 25C283472FD1D8DE00269A2E /* XCRemoteSwiftPackageReference "Sparkle" */;
			productName = Sparkle;
		};
/* End XCSwiftPackageProductDependency section */
	};
	rootObject = EE5555555555555555550002 /* Project object */;
}
